# @generated - this file is auto-generated by `mise lock` https://mise.jdx.dev/dev-tools/mise-lock.html

lockfile_version = 1

[[tools.actionlint]]
version = "1.7.12"
backend = "aqua:rhysd/actionlint"
specifiers = ["1.7.12"]

[tools.actionlint."platforms.linux-arm64"]
checksum = "sha256:325e971b6ba9bfa504672e29be93c24981eeb1c07576d730e9f7c8805afff0c6"
url = "https://github.com/rhysd/actionlint/releases/download/v1.7.12/actionlint_1.7.12_linux_arm64.tar.gz"
url_api = "https://api.github.com/repos/rhysd/actionlint/releases/assets/384924897"
provenance = "github-attestations"

[tools.actionlint."platforms.linux-arm64-musl"]
checksum = "sha256:325e971b6ba9bfa504672e29be93c24981eeb1c07576d730e9f7c8805afff0c6"
url = "https://github.com/rhysd/actionlint/releases/download/v1.7.12/actionlint_1.7.12_linux_arm64.tar.gz"
url_api = "https://api.github.com/repos/rhysd/actionlint/releases/assets/384924897"
provenance = "github-attestations"

[tools.actionlint."platforms.linux-x64"]
checksum = "sha256:8aca8db96f1b94770f1b0d72b6dddcb1ebb8123cb3712530b08cc387b349a3d8"
url = "https://github.com/rhysd/actionlint/releases/download/v1.7.12/actionlint_1.7.12_linux_amd64.tar.gz"
url_api = "https://api.github.com/repos/rhysd/actionlint/releases/assets/384924896"
provenance = "github-attestations"

[tools.actionlint."platforms.linux-x64-musl"]
checksum = "sha256:8aca8db96f1b94770f1b0d72b6dddcb1ebb8123cb3712530b08cc387b349a3d8"
url = "https://github.com/rhysd/actionlint/releases/download/v1.7.12/actionlint_1.7.12_linux_amd64.tar.gz"
url_api = "https://api.github.com/repos/rhysd/actionlint/releases/assets/384924896"
provenance = "github-attestations"

[tools.actionlint."platforms.macos-arm64"]
checksum = "sha256:aba9ced2dee8d27fecca3dc7feb1a7f9a52caefa1eb46f3271ea66b6e0e6953f"
url = "https://github.com/rhysd/actionlint/releases/download/v1.7.12/actionlint_1.7.12_darwin_arm64.tar.gz"
url_api = "https://api.github.com/repos/rhysd/actionlint/releases/assets/384924893"
provenance = "github-attestations"

[tools.actionlint."platforms.macos-x64"]
checksum = "sha256:5b44c3bc2255115c9b69e30efc0fecdf498fdb63c5d58e17084fd5f16324c644"
url = "https://github.com/rhysd/actionlint/releases/download/v1.7.12/actionlint_1.7.12_darwin_amd64.tar.gz"
url_api = "https://api.github.com/repos/rhysd/actionlint/releases/assets/384924880"
provenance = "github-attestations"

[tools.actionlint."platforms.windows-x64"]
checksum = "sha256:6e7241b51e6817ea6a047693d8e6fed13b31819c9a0dd6c5a726e1592d22f6e9"
url = "https://github.com/rhysd/actionlint/releases/download/v1.7.12/actionlint_1.7.12_windows_amd64.zip"
url_api = "https://api.github.com/repos/rhysd/actionlint/releases/assets/384924919"
provenance = "github-attestations"

[[tools.age]]
version = "1.3.2"
backend = "aqua:FiloSottile/age"
specifiers = ["1.3.2"]

[tools.age."platforms.linux-arm64"]
checksum = "sha256:6b8dc4333c53a5a57c9e5834e3a48f92605d7154014cd07269ff3327db5d37f4"
url = "https://github.com/FiloSottile/age/releases/download/v1.3.2/age-v1.3.2-linux-arm64.tar.gz"
url_api = "https://api.github.com/repos/FiloSottile/age/releases/assets/535541932"
provenance = "github-attestations"

[tools.age."platforms.linux-arm64-musl"]
checksum = "sha256:6b8dc4333c53a5a57c9e5834e3a48f92605d7154014cd07269ff3327db5d37f4"
url = "https://github.com/FiloSottile/age/releases/download/v1.3.2/age-v1.3.2-linux-arm64.tar.gz"
url_api = "https://api.github.com/repos/FiloSottile/age/releases/assets/535541932"
provenance = "github-attestations"

[tools.age."platforms.linux-x64"]
checksum = "sha256:cbe24006683f8eb669266162894b9a522a1af52f2665fbc63a4bb032ed26ac10"
url = "https://github.com/FiloSottile/age/releases/download/v1.3.2/age-v1.3.2-linux-amd64.tar.gz"
url_api = "https://api.github.com/repos/FiloSottile/age/releases/assets/535541903"
provenance = "github-attestations"

[tools.age."platforms.linux-x64-musl"]
checksum = "sha256:cbe24006683f8eb669266162894b9a522a1af52f2665fbc63a4bb032ed26ac10"
url = "https://github.com/FiloSottile/age/releases/download/v1.3.2/age-v1.3.2-linux-amd64.tar.gz"
url_api = "https://api.github.com/repos/FiloSottile/age/releases/assets/535541903"
provenance = "github-attestations"

[tools.age."platforms.macos-arm64"]
checksum = "sha256:e2020b073c44f692685a24d6abc378817eb81ffaaf49fd0531ef8565f767f2f5"
url = "https://github.com/FiloSottile/age/releases/download/v1.3.2/age-v1.3.2-darwin-arm64.tar.gz"
url_api = "https://api.github.com/repos/FiloSottile/age/releases/assets/535541897"
provenance = "github-attestations"

[tools.age."platforms.macos-x64"]
checksum = "sha256:1d1e4bc66e1427edad7739ae7616157de0e79db8b6d2a1497d7d9925fb06a539"
url = "https://github.com/FiloSottile/age/releases/download/v1.3.2/age-v1.3.2-darwin-amd64.tar.gz"
url_api = "https://api.github.com/repos/FiloSottile/age/releases/assets/535541887"
provenance = "github-attestations"

[tools.age."platforms.windows-x64"]
checksum = "sha256:f48d8f8f9ebe903ab5027ed067652f2cc1db94bc206976430133b905dcd8e8c7"
url = "https://github.com/FiloSottile/age/releases/download/v1.3.2/age-v1.3.2-windows-amd64.zip"
url_api = "https://api.github.com/repos/FiloSottile/age/releases/assets/535541937"
provenance = "github-attestations"

[[tools.argocd]]
version = "3.5.3"
backend = "aqua:argoproj/argo-cd"
specifiers = ["3.5.3"]

[tools.argocd."platforms.linux-arm64"]
checksum = "sha256:bb37e5d62df897ea1610f7c647fdc78657a0e3a928dc21893faf7bf66a4646cb"
url = "https://github.com/argoproj/argo-cd/releases/download/v3.5.3/argocd-linux-arm64"
url_api = "https://api.github.com/repos/argoproj/argo-cd/releases/assets/562896835"

[tools.argocd."platforms.linux-arm64".provenance.slsa]
url = "https://github.com/argoproj/argo-cd/releases/download/v3.5.3/argocd-cli.intoto.jsonl"

[tools.argocd."platforms.linux-arm64-musl"]
checksum = "sha256:bb37e5d62df897ea1610f7c647fdc78657a0e3a928dc21893faf7bf66a4646cb"
url = "https://github.com/argoproj/argo-cd/releases/download/v3.5.3/argocd-linux-arm64"
url_api = "https://api.github.com/repos/argoproj/argo-cd/releases/assets/562896835"

[tools.argocd."platforms.linux-arm64-musl".provenance.slsa]
url = "https://github.com/argoproj/argo-cd/releases/download/v3.5.3/argocd-cli.intoto.jsonl"

[tools.argocd."platforms.linux-x64"]
checksum = "sha256:b860f73f57cbddd993cd446f5236d797c1b1ac8554857b2683d2669f17e765b4"
url = "https://github.com/argoproj/argo-cd/releases/download/v3.5.3/argocd-linux-amd64"
url_api = "https://api.github.com/repos/argoproj/argo-cd/releases/assets/562896826"

[tools.argocd."platforms.linux-x64".provenance.slsa]
url = "https://github.com/argoproj/argo-cd/releases/download/v3.5.3/argocd-cli.intoto.jsonl"

[tools.argocd."platforms.linux-x64-musl"]
checksum = "sha256:b860f73f57cbddd993cd446f5236d797c1b1ac8554857b2683d2669f17e765b4"
url = "https://github.com/argoproj/argo-cd/releases/download/v3.5.3/argocd-linux-amd64"
url_api = "https://api.github.com/repos/argoproj/argo-cd/releases/assets/562896826"

[tools.argocd."platforms.linux-x64-musl".provenance.slsa]
url = "https://github.com/argoproj/argo-cd/releases/download/v3.5.3/argocd-cli.intoto.jsonl"

[tools.argocd."platforms.macos-arm64"]
checksum = "sha256:76efc71c00bc3ffeda5daa277d990e3d89b3628b2440fc7dd38aca79c63b15e0"
url = "https://github.com/argoproj/argo-cd/releases/download/v3.5.3/argocd-darwin-arm64"
url_api = "https://api.github.com/repos/argoproj/argo-cd/releases/assets/562896606"

[tools.argocd."platforms.macos-arm64".provenance.slsa]
url = "https://github.com/argoproj/argo-cd/releases/download/v3.5.3/argocd-cli.intoto.jsonl"

[tools.argocd."platforms.macos-x64"]
checksum = "sha256:44c636381ad52a92caa493e4a292dc04f3bf3da7f5ab7b9fe055aeaf661f9cdd"
url = "https://github.com/argoproj/argo-cd/releases/download/v3.5.3/argocd-darwin-amd64"
url_api = "https://api.github.com/repos/argoproj/argo-cd/releases/assets/562896609"

[tools.argocd."platforms.macos-x64".provenance.slsa]
url = "https://github.com/argoproj/argo-cd/releases/download/v3.5.3/argocd-cli.intoto.jsonl"

[tools.argocd."platforms.windows-x64"]
checksum = "sha256:c7c5a152fe865f2262f4bb19eda66baf590cc18e0e125a902ba6942cbeee92e9"
url = "https://github.com/argoproj/argo-cd/releases/download/v3.5.3/argocd-windows-amd64.exe"
url_api = "https://api.github.com/repos/argoproj/argo-cd/releases/assets/562896823"

[tools.argocd."platforms.windows-x64".provenance.slsa]
url = "https://github.com/argoproj/argo-cd/releases/download/v3.5.3/argocd-cli.intoto.jsonl"

[[tools.cilium-cli]]
version = "0.20.1"
backend = "aqua:cilium/cilium-cli"
specifiers = ["0.20.1"]

[tools.cilium-cli."platforms.linux-arm64"]
checksum = "sha256:d237550b882af6f2e01e8985e1e024d57c0774611c0a527c7a20dcee7dc4fd07"
url = "https://github.com/cilium/cilium-cli/releases/download/v0.20.1/cilium-linux-arm64.tar.gz"
url_api = "https://api.github.com/repos/cilium/cilium-cli/releases/assets/585358779"

[tools.cilium-cli."platforms.linux-arm64-musl"]
checksum = "sha256:d237550b882af6f2e01e8985e1e024d57c0774611c0a527c7a20dcee7dc4fd07"
url = "https://github.com/cilium/cilium-cli/releases/download/v0.20.1/cilium-linux-arm64.tar.gz"
url_api = "https://api.github.com/repos/cilium/cilium-cli/releases/assets/585358779"

[tools.cilium-cli."platforms.linux-x64"]
checksum = "sha256:24e817dcfcc8a12e325ce7547617bcbcf171c5b0b335bb24d2bb1207ba047f61"
url = "https://github.com/cilium/cilium-cli/releases/download/v0.20.1/cilium-linux-amd64.tar.gz"
url_api = "https://api.github.com/repos/cilium/cilium-cli/releases/assets/585358772"

[tools.cilium-cli."platforms.linux-x64-musl"]
checksum = "sha256:24e817dcfcc8a12e325ce7547617bcbcf171c5b0b335bb24d2bb1207ba047f61"
url = "https://github.com/cilium/cilium-cli/releases/download/v0.20.1/cilium-linux-amd64.tar.gz"
url_api = "https://api.github.com/repos/cilium/cilium-cli/releases/assets/585358772"

[tools.cilium-cli."platforms.macos-arm64"]
checksum = "sha256:3521cb6af8f621d64dac63c7537fd9aa2ff878fb1f7a6f50e69b31bf45c02cb8"
url = "https://github.com/cilium/cilium-cli/releases/download/v0.20.1/cilium-darwin-arm64.tar.gz"
url_api = "https://api.github.com/repos/cilium/cilium-cli/releases/assets/585358773"

[tools.cilium-cli."platforms.macos-x64"]
checksum = "sha256:b5ac658a9a87c933a3cc662f035d8ab4a3cbfdf67d942526b37566907a0d88ad"
url = "https://github.com/cilium/cilium-cli/releases/download/v0.20.1/cilium-darwin-amd64.tar.gz"
url_api = "https://api.github.com/repos/cilium/cilium-cli/releases/assets/585358780"

[tools.cilium-cli."platforms.windows-x64"]
checksum = "sha256:869bc322c880db7c566995f8e251dd3270e15814f26e4c7c8c13922319a939e3"
url = "https://github.com/cilium/cilium-cli/releases/download/v0.20.1/cilium-windows-amd64.zip"
url_api = "https://api.github.com/repos/cilium/cilium-cli/releases/assets/585358777"

[[tools.claude]]
version = "2.1.280"
backend = "aqua:anthropics/claude-code"
specifiers = ["2.1.280"]

[tools.claude."platforms.linux-arm64"]
checksum = "sha256:e6cdd9f07fba8d181b7d6d0dedd9406f1be6ba4f5302a56a61ab4ebb43c5a569"
url = "https://github.com/anthropics/claude-code/releases/download/v2.1.280/claude-linux-arm64.tar.gz"
url_api = "https://api.github.com/repos/anthropics/claude-code/releases/assets/581709747"

[tools.claude."platforms.linux-arm64-musl"]
checksum = "sha256:3a5ebe41b78d94ea2bfafee539dde4c9a53afc9658abbc72d918c45477524b28"
url = "https://github.com/anthropics/claude-code/releases/download/v2.1.280/claude-linux-arm64-musl.tar.gz"
url_api = "https://api.github.com/repos/anthropics/claude-code/releases/assets/581709746"

[tools.claude."platforms.linux-x64"]
checksum = "sha256:4239c476881f46f5bd2cccee97c10b1c8073f4ab4ae40e3c829493210e757764"
url = "https://github.com/anthropics/claude-code/releases/download/v2.1.280/claude-linux-x64.tar.gz"
url_api = "https://api.github.com/repos/anthropics/claude-code/releases/assets/581709942"

[tools.claude."platforms.linux-x64-musl"]
checksum = "sha256:35e3435305e5608abac726ca2ced1f1a651980dff43099606628c10a44d05101"
url = "https://github.com/anthropics/claude-code/releases/download/v2.1.280/claude-linux-x64-musl.tar.gz"
url_api = "https://api.github.com/repos/anthropics/claude-code/releases/assets/581709745"

[tools.claude."platforms.macos-arm64"]
checksum = "sha256:872a1fa1f770165202bfa0e1771a8b02ce0a13b5f6de4f4489ec4ff268946b56"
url = "https://github.com/anthropics/claude-code/releases/download/v2.1.280/claude-darwin-arm64.tar.gz"
url_api = "https://api.github.com/repos/anthropics/claude-code/releases/assets/581709751"

[tools.claude."platforms.macos-x64"]
checksum = "sha256:96c54208699e555f67da028f12d7ab594b6bbb844b5d65b47640c086c65ad959"
url = "https://github.com/anthropics/claude-code/releases/download/v2.1.280/claude-darwin-x64.tar.gz"
url_api = "https://api.github.com/repos/anthropics/claude-code/releases/assets/581709749"

[tools.claude."platforms.windows-x64"]
checksum = "sha256:907679d82257d07c75088052553ad8c0cd2813e588a79e2c965281e9c50f5977"
url = "https://github.com/anthropics/claude-code/releases/download/v2.1.280/claude-win32-x64.zip"
url_api = "https://api.github.com/repos/anthropics/claude-code/releases/assets/581709967"

[[tools."github:mitsuhiko/minijinja"]]
version = "2.24.0"
backend = "github:mitsuhiko/minijinja"
specifiers = ["2.24.0"]

[tools."github:mitsuhiko/minijinja"."platforms.linux-arm64"]
checksum = "sha256:b60f741e4101c0701a22a1115b2295fd8e4ae13cdffc0ebf4d1821d876e93347"
url = "https://github.com/mitsuhiko/minijinja/releases/download/2.24.0/minijinja-cli-aarch64-unknown-linux-gnu.tar.xz"
url_api = "https://api.github.com/repos/mitsuhiko/minijinja/releases/assets/511868827"

[tools."github:mitsuhiko/minijinja"."platforms.linux-arm64-musl"]
checksum = "sha256:5fd4d0ca9a37973564a9ba3d4444466dbca46c4737840b772ba64729cac4277b"
url = "https://github.com/mitsuhiko/minijinja/releases/download/2.24.0/minijinja-cli-aarch64-unknown-linux-musl.tar.xz"
url_api = "https://api.github.com/repos/mitsuhiko/minijinja/releases/assets/511868829"

[tools."github:mitsuhiko/minijinja"."platforms.linux-x64"]
checksum = "sha256:04651ea786eee8e6d5311caf96e01874d984ff72f3d3d91c2195851f0b414580"
url = "https://github.com/mitsuhiko/minijinja/releases/download/2.24.0/minijinja-cli-x86_64-unknown-linux-gnu.tar.xz"
url_api = "https://api.github.com/repos/mitsuhiko/minijinja/releases/assets/511868860"

[tools."github:mitsuhiko/minijinja"."platforms.linux-x64-musl"]
checksum = "sha256:40a7b36eb04075d54f0e079cbf632d2fcf9cc32721539f6b799341632d16f50e"
url = "https://github.com/mitsuhiko/minijinja/releases/download/2.24.0/minijinja-cli-x86_64-unknown-linux-musl.tar.xz"
url_api = "https://api.github.com/repos/mitsuhiko/minijinja/releases/assets/511868866"

[tools."github:mitsuhiko/minijinja"."platforms.macos-arm64"]
checksum = "sha256:a0f1525bcac485a80313cec7e835ed03335bd55bc14dc5cf070c7eb9789d9905"
url = "https://github.com/mitsuhiko/minijinja/releases/download/2.24.0/minijinja-cli-aarch64-apple-darwin.tar.xz"
url_api = "https://api.github.com/repos/mitsuhiko/minijinja/releases/assets/511868818"

[tools."github:mitsuhiko/minijinja"."platforms.macos-x64"]
checksum = "sha256:283d3e54ed52ff0f97bc4e8b736fa67d5f1bc55b47457ffc8e9310a5fe555997"
url = "https://github.com/mitsuhiko/minijinja/releases/download/2.24.0/minijinja-cli-x86_64-apple-darwin.tar.xz"
url_api = "https://api.github.com/repos/mitsuhiko/minijinja/releases/assets/511868854"

[tools."github:mitsuhiko/minijinja"."platforms.windows-x64"]
checksum = "sha256:5fca9cd605ec29b80722b7c8c4b4a8cb8a713117c147d4213aa04ee6ad89af2c"
url = "https://github.com/mitsuhiko/minijinja/releases/download/2.24.0/minijinja-cli-x86_64-pc-windows-msvc.zip"
url_api = "https://api.github.com/repos/mitsuhiko/minijinja/releases/assets/511868857"

[[tools.helm]]
version = "4.3.0"
backend = "aqua:helm/helm"
specifiers = ["4.3.0"]

[tools.helm."platforms.linux-arm64"]
checksum = "sha256:31c5794dd55c66a51e6b7d2e2ac7a114ae8b1de41ff1d9ba51748ac973b06a08"
url = "https://get.helm.sh/helm-v4.3.0-linux-arm64.tar.gz"

[tools.helm."platforms.linux-arm64-musl"]
checksum = "sha256:31c5794dd55c66a51e6b7d2e2ac7a114ae8b1de41ff1d9ba51748ac973b06a08"
url = "https://get.helm.sh/helm-v4.3.0-linux-arm64.tar.gz"

[tools.helm."platforms.linux-x64"]
checksum = "sha256:86584a54def73570558f66f5111cc53dfed56689637ae32c1201205d494f54fb"
url = "https://get.helm.sh/helm-v4.3.0-linux-amd64.tar.gz"

[tools.helm."platforms.linux-x64-musl"]
checksum = "sha256:86584a54def73570558f66f5111cc53dfed56689637ae32c1201205d494f54fb"
url = "https://get.helm.sh/helm-v4.3.0-linux-amd64.tar.gz"

[tools.helm."platforms.macos-arm64"]
checksum = "sha256:d3870437e1e95b67f8edbde964156c84a26503f560821d40c542441658934fba"
url = "https://get.helm.sh/helm-v4.3.0-darwin-arm64.tar.gz"

[tools.helm."platforms.macos-x64"]
checksum = "sha256:347a784877e0e20eac865e8d1c36a80f6bb0861d6f29abd34defb6570ef95d92"
url = "https://get.helm.sh/helm-v4.3.0-darwin-amd64.tar.gz"

[tools.helm."platforms.windows-x64"]
checksum = "sha256:551b0065fdfae8ba74ddac3a213e46e0144188cacf997ae1002f508af169728e"
url = "https://get.helm.sh/helm-v4.3.0-windows-amd64.tar.gz"

[[tools.jq]]
version = "1.8.2"
backend = "aqua:jqlang/jq"
specifiers = ["1.8.2"]

[tools.jq."platforms.linux-arm64"]
checksum = "sha256:8b85c817833814ddca00a144c33705546355afccf0cf39b188f3cdb48b852309"
url = "https://github.com/jqlang/jq/releases/download/jq-1.8.2/jq-linux-arm64"
url_api = "https://api.github.com/repos/jqlang/jq/releases/assets/453012756"
provenance = "github-attestations"

[tools.jq."platforms.linux-arm64-musl"]
checksum = "sha256:8b85c817833814ddca00a144c33705546355afccf0cf39b188f3cdb48b852309"
url = "https://github.com/jqlang/jq/releases/download/jq-1.8.2/jq-linux-arm64"
url_api = "https://api.github.com/repos/jqlang/jq/releases/assets/453012756"
provenance = "github-attestations"

[tools.jq."platforms.linux-x64"]
checksum = "sha256:b1c22172dd303f3be49e935aa56aa48a8b7a46e0bc838b4997d3bb451495870f"
url = "https://github.com/jqlang/jq/releases/download/jq-1.8.2/jq-linux-amd64"
url_api = "https://api.github.com/repos/jqlang/jq/releases/assets/453012752"
provenance = "github-attestations"

[tools.jq."platforms.linux-x64-musl"]
checksum = "sha256:b1c22172dd303f3be49e935aa56aa48a8b7a46e0bc838b4997d3bb451495870f"
url = "https://github.com/jqlang/jq/releases/download/jq-1.8.2/jq-linux-amd64"
url_api = "https://api.github.com/repos/jqlang/jq/releases/assets/453012752"
provenance = "github-attestations"

[tools.jq."platforms.macos-arm64"]
checksum = "sha256:2d75340ba57a4b4b4c8708a21c2dc8e958a48aaa8bba13b27f77f6e4c0eca07e"
url = "https://github.com/jqlang/jq/releases/download/jq-1.8.2/jq-macos-arm64"
url_api = "https://api.github.com/repos/jqlang/jq/releases/assets/453012783"
provenance = "github-attestations"

[tools.jq."platforms.macos-x64"]
checksum = "sha256:e94b266e3c26690550006abe63152b782280f4e14374accdf04cbde844f00bc0"
url = "https://github.com/jqlang/jq/releases/download/jq-1.8.2/jq-macos-amd64"
url_api = "https://api.github.com/repos/jqlang/jq/releases/assets/453012782"
provenance = "github-attestations"

[tools.jq."platforms.windows-x64"]
checksum = "sha256:a6fc67fedaf9128a3309a1e2ebb8b986aeccf70122ee46d2cb4849e423f0c627"
url = "https://github.com/jqlang/jq/releases/download/jq-1.8.2/jq-windows-amd64.exe"
url_api = "https://api.github.com/repos/jqlang/jq/releases/assets/453012788"
provenance = "github-attestations"

[[tools.just]]
version = "1.58.0"
backend = "aqua:casey/just"
specifiers = ["1.58.0"]

[tools.just."platforms.linux-arm64"]
checksum = "sha256:748237128c4c40cbdabc65e841d05ceba13cc23a91eaba395495894c1d9764df"
url = "https://github.com/casey/just/releases/download/1.58.0/just-1.58.0-aarch64-unknown-linux-musl.tar.gz"
url_api = "https://api.github.com/repos/casey/just/releases/assets/500510099"

[tools.just."platforms.linux-arm64-musl"]
checksum = "sha256:748237128c4c40cbdabc65e841d05ceba13cc23a91eaba395495894c1d9764df"
url = "https://github.com/casey/just/releases/download/1.58.0/just-1.58.0-aarch64-unknown-linux-musl.tar.gz"
url_api = "https://api.github.com/repos/casey/just/releases/assets/500510099"

[tools.just."platforms.linux-x64"]
checksum = "sha256:4a5cc2f53e6f0f8c59092a6cc38291eb729d46a7dd95d3ae582008881b84931d"
url = "https://github.com/casey/just/releases/download/1.58.0/just-1.58.0-x86_64-unknown-linux-musl.tar.gz"
url_api = "https://api.github.com/repos/casey/just/releases/assets/500509978"

[tools.just."platforms.linux-x64-musl"]
checksum = "sha256:4a5cc2f53e6f0f8c59092a6cc38291eb729d46a7dd95d3ae582008881b84931d"
url = "https://github.com/casey/just/releases/download/1.58.0/just-1.58.0-x86_64-unknown-linux-musl.tar.gz"
url_api = "https://api.github.com/repos/casey/just/releases/assets/500509978"

[tools.just."platforms.macos-arm64"]
checksum = "sha256:50ae3e996c974a0bf32ea7d10f495070df33f1b43e0616b2769e3d4821ed8f48"
url = "https://github.com/casey/just/releases/download/1.58.0/just-1.58.0-aarch64-apple-darwin.tar.gz"
url_api = "https://api.github.com/repos/casey/just/releases/assets/500509965"

[tools.just."platforms.macos-x64"]
checksum = "sha256:9a09cfef66aaa79da58203970103a0684307716caaabd3e9844cacc4dc0f4023"
url = "https://github.com/casey/just/releases/download/1.58.0/just-1.58.0-x86_64-apple-darwin.tar.gz"
url_api = "https://api.github.com/repos/casey/just/releases/assets/500510084"

[tools.just."platforms.windows-x64"]
checksum = "sha256:759f16fb7aa17c5c8b9594b6d4a8c1a6630dfd042cf2b3ff84841454d3d188dc"
url = "https://github.com/casey/just/releases/download/1.58.0/just-1.58.0-x86_64-pc-windows-msvc.zip"
url_api = "https://api.github.com/repos/casey/just/releases/assets/500511374"

[[tools.k9s]]
version = "0.51.0"
backend = "aqua:derailed/k9s"
specifiers = ["0.51.0"]

[tools.k9s."platforms.linux-arm64"]
checksum = "sha256:3ee05c82e5f9198928a4e86133608ba6a2c10a2244d6a7789e820f78319d640c"
url = "https://github.com/derailed/k9s/releases/download/v0.51.0/k9s_Linux_arm64.tar.gz"
url_api = "https://api.github.com/repos/derailed/k9s/releases/assets/440226045"

[tools.k9s."platforms.linux-arm64-musl"]
checksum = "sha256:3ee05c82e5f9198928a4e86133608ba6a2c10a2244d6a7789e820f78319d640c"
url = "https://github.com/derailed/k9s/releases/download/v0.51.0/k9s_Linux_arm64.tar.gz"
url_api = "https://api.github.com/repos/derailed/k9s/releases/assets/440226045"

[tools.k9s."platforms.linux-x64"]
checksum = "sha256:c3752ad51a5a4015a113819c4eeb6e55a4d0e4b8e652494797532f6fc8161dd7"
url = "https://github.com/derailed/k9s/releases/download/v0.51.0/k9s_Linux_amd64.tar.gz"
url_api = "https://api.github.com/repos/derailed/k9s/releases/assets/440224321"

[tools.k9s."platforms.linux-x64-musl"]
checksum = "sha256:c3752ad51a5a4015a113819c4eeb6e55a4d0e4b8e652494797532f6fc8161dd7"
url = "https://github.com/derailed/k9s/releases/download/v0.51.0/k9s_Linux_amd64.tar.gz"
url_api = "https://api.github.com/repos/derailed/k9s/releases/assets/440224321"

[tools.k9s."platforms.macos-arm64"]
checksum = "sha256:9b8c0e8f461e5d33aeee43a67f5ef4aff646a008a786887b8266cbb153c610cc"
url = "https://github.com/derailed/k9s/releases/download/v0.51.0/k9s_Darwin_arm64.tar.gz"
url_api = "https://api.github.com/repos/derailed/k9s/releases/assets/440224326"

[tools.k9s."platforms.macos-x64"]
checksum = "sha256:7e8802c57c45a0cd389e8fc38472243fe4cf48d8ad5957e189ce370e19e5eda0"
url = "https://github.com/derailed/k9s/releases/download/v0.51.0/k9s_Darwin_amd64.tar.gz"
url_api = "https://api.github.com/repos/derailed/k9s/releases/assets/440224322"

[tools.k9s."platforms.windows-x64"]
checksum = "sha256:bba299f1877913979831543a008f2e104995d2ea4ac8f23d7f49c0444857d973"
url = "https://github.com/derailed/k9s/releases/download/v0.51.0/k9s_Windows_amd64.zip"
url_api = "https://api.github.com/repos/derailed/k9s/releases/assets/440224317"

[[tools.kubecolor]]
version = "0.8.0"
backend = "aqua:kubecolor/kubecolor"
specifiers = ["0.8.0"]

[tools.kubecolor."platforms.linux-arm64"]
checksum = "sha256:8a53d33769dc2c984338973f6490ffdad60f130d60d172bef8109a76332c0c60"
url = "https://github.com/kubecolor/kubecolor/releases/download/v0.8.0/kubecolor_0.8.0_linux_arm64.tar.gz"
url_api = "https://api.github.com/repos/kubecolor/kubecolor/releases/assets/574890534"
provenance = "github-attestations"

[tools.kubecolor."platforms.linux-arm64-musl"]
checksum = "sha256:8a53d33769dc2c984338973f6490ffdad60f130d60d172bef8109a76332c0c60"
url = "https://github.com/kubecolor/kubecolor/releases/download/v0.8.0/kubecolor_0.8.0_linux_arm64.tar.gz"
url_api = "https://api.github.com/repos/kubecolor/kubecolor/releases/assets/574890534"
provenance = "github-attestations"

[tools.kubecolor."platforms.linux-x64"]
checksum = "sha256:87289f8641ba18f4cb491ad6b30baa0da5f769c688aa7ce05489604da6099b28"
url = "https://github.com/kubecolor/kubecolor/releases/download/v0.8.0/kubecolor_0.8.0_linux_amd64.tar.gz"
url_api = "https://api.github.com/repos/kubecolor/kubecolor/releases/assets/574890521"
provenance = "github-attestations"

[tools.kubecolor."platforms.linux-x64-musl"]
checksum = "sha256:87289f8641ba18f4cb491ad6b30baa0da5f769c688aa7ce05489604da6099b28"
url = "https://github.com/kubecolor/kubecolor/releases/download/v0.8.0/kubecolor_0.8.0_linux_amd64.tar.gz"
url_api = "https://api.github.com/repos/kubecolor/kubecolor/releases/assets/574890521"
provenance = "github-attestations"

[tools.kubecolor."platforms.macos-arm64"]
checksum = "sha256:c3a771a74dc1ac9b74c5b738e85715f530c660d27e480f8d9c859d8cbff33984"
url = "https://github.com/kubecolor/kubecolor/releases/download/v0.8.0/kubecolor_0.8.0_darwin_arm64.tar.gz"
url_api = "https://api.github.com/repos/kubecolor/kubecolor/releases/assets/574890494"
provenance = "github-attestations"

[tools.kubecolor."platforms.macos-x64"]
checksum = "sha256:f97f55b7bdfdc6836e332717846c152643c7271ebf2d7c39fa69f657f86a9715"
url = "https://github.com/kubecolor/kubecolor/releases/download/v0.8.0/kubecolor_0.8.0_darwin_amd64.tar.gz"
url_api = "https://api.github.com/repos/kubecolor/kubecolor/releases/assets/574890496"
provenance = "github-attestations"

[tools.kubecolor."platforms.windows-x64"]
checksum = "sha256:64e1b12fc56662bf4bb67a760a396b0d7306c30774a52714e26c9ac075cef20b"
url = "https://github.com/kubecolor/kubecolor/releases/download/v0.8.0/kubecolor_0.8.0_windows_amd64.zip"
url_api = "https://api.github.com/repos/kubecolor/kubecolor/releases/assets/574890550"
provenance = "github-attestations"

[[tools.kubeseal]]
version = "0.40.0"
backend = "aqua:bitnami/sealed-secrets"
specifiers = ["0.40.0"]

[tools.kubeseal."platforms.linux-arm64"]
checksum = "sha256:d82f01e9226d194ca7ebc13e3619edefd596b5b433582bcec3d5a8e8b1a03123"
url = "https://github.com/bitnami/sealed-secrets/releases/download/v0.40.0/kubeseal-0.40.0-linux-arm64.tar.gz"
url_api = "https://api.github.com/repos/bitnami/sealed-secrets/releases/assets/555346329"

[tools.kubeseal."platforms.linux-arm64-musl"]
checksum = "sha256:d82f01e9226d194ca7ebc13e3619edefd596b5b433582bcec3d5a8e8b1a03123"
url = "https://github.com/bitnami/sealed-secrets/releases/download/v0.40.0/kubeseal-0.40.0-linux-arm64.tar.gz"
url_api = "https://api.github.com/repos/bitnami/sealed-secrets/releases/assets/555346329"

[tools.kubeseal."platforms.linux-x64"]
checksum = "sha256:9314c35916646e9d59c8f06b1314574b4e79c4d76f079433607ed7b697bb5eb7"
url = "https://github.com/bitnami/sealed-secrets/releases/download/v0.40.0/kubeseal-0.40.0-linux-amd64.tar.gz"
url_api = "https://api.github.com/repos/bitnami/sealed-secrets/releases/assets/555346331"

[tools.kubeseal."platforms.linux-x64-musl"]
checksum = "sha256:9314c35916646e9d59c8f06b1314574b4e79c4d76f079433607ed7b697bb5eb7"
url = "https://github.com/bitnami/sealed-secrets/releases/download/v0.40.0/kubeseal-0.40.0-linux-amd64.tar.gz"
url_api = "https://api.github.com/repos/bitnami/sealed-secrets/releases/assets/555346331"

[tools.kubeseal."platforms.macos-arm64"]
checksum = "sha256:ec8a34b19ff8f1c1dee6fa09e13111b3007aa9ad08de1da28bd65cdc1eaecf93"
url = "https://github.com/bitnami/sealed-secrets/releases/download/v0.40.0/kubeseal-0.40.0-darwin-arm64.tar.gz"
url_api = "https://api.github.com/repos/bitnami/sealed-secrets/releases/assets/555346330"

[tools.kubeseal."platforms.macos-x64"]
checksum = "sha256:e165574e647029a562de2471caff444e06b33119f9546679e69492cdc3c6137f"
url = "https://github.com/bitnami/sealed-secrets/releases/download/v0.40.0/kubeseal-0.40.0-darwin-amd64.tar.gz"
url_api = "https://api.github.com/repos/bitnami/sealed-secrets/releases/assets/555346387"

[tools.kubeseal."platforms.windows-x64"]
checksum = "sha256:e43f3208b41709f69eea03059fcfe5688152543184ee0d7454f0e6d709466821"
url = "https://github.com/bitnami/sealed-secrets/releases/download/v0.40.0/kubeseal-0.40.0-windows-amd64.tar.gz"
url_api = "https://api.github.com/repos/bitnami/sealed-secrets/releases/assets/555346383"

[[tools.lefthook]]
version = "2.1.14"
backend = "aqua:evilmartians/lefthook"
specifiers = ["2.1.14"]

[tools.lefthook."platforms.linux-arm64"]
checksum = "sha256:2fd4b1f33aab4e4c8691a1a6a750b0638a40bdef871234cacb33781615dbf7ba"
url = "https://github.com/evilmartians/lefthook/releases/download/v2.1.14/lefthook_2.1.14_Linux_aarch64.gz"
url_api = "https://api.github.com/repos/evilmartians/lefthook/releases/assets/563149908"
provenance = "github-attestations"

[tools.lefthook."platforms.linux-arm64-musl"]
checksum = "sha256:2fd4b1f33aab4e4c8691a1a6a750b0638a40bdef871234cacb33781615dbf7ba"
url = "https://github.com/evilmartians/lefthook/releases/download/v2.1.14/lefthook_2.1.14_Linux_aarch64.gz"
url_api = "https://api.github.com/repos/evilmartians/lefthook/releases/assets/563149908"
provenance = "github-attestations"

[tools.lefthook."platforms.linux-x64"]
checksum = "sha256:2be3187101b3a2edd5edf8b546aa2e3820531c517b4cd0216601a9c06f07c42d"
url = "https://github.com/evilmartians/lefthook/releases/download/v2.1.14/lefthook_2.1.14_Linux_x86_64.gz"
url_api = "https://api.github.com/repos/evilmartians/lefthook/releases/assets/563149839"
provenance = "github-attestations"

[tools.lefthook."platforms.linux-x64-musl"]
checksum = "sha256:2be3187101b3a2edd5edf8b546aa2e3820531c517b4cd0216601a9c06f07c42d"
url = "https://github.com/evilmartians/lefthook/releases/download/v2.1.14/lefthook_2.1.14_Linux_x86_64.gz"
url_api = "https://api.github.com/repos/evilmartians/lefthook/releases/assets/563149839"
provenance = "github-attestations"

[tools.lefthook."platforms.macos-arm64"]
checksum = "sha256:398e6a23dfe2de3fc113e091dd4b592795cc8f1665acf5501856858b8056d686"
url = "https://github.com/evilmartians/lefthook/releases/download/v2.1.14/lefthook_2.1.14_MacOS_arm64.gz"
url_api = "https://api.github.com/repos/evilmartians/lefthook/releases/assets/563149840"
provenance = "github-attestations"

[tools.lefthook."platforms.macos-x64"]
checksum = "sha256:9e304cad12b3785bf45ba6085fa6a91ed45f6ff6e7dabd50cb6834959caef06a"
url = "https://github.com/evilmartians/lefthook/releases/download/v2.1.14/lefthook_2.1.14_MacOS_x86_64.gz"
url_api = "https://api.github.com/repos/evilmartians/lefthook/releases/assets/563149898"
provenance = "github-attestations"

[tools.lefthook."platforms.windows-x64"]
checksum = "sha256:61a0f47c75c741fa2788aff55f85dfa0a34307257b176cb6b20fd821ae030454"
url = "https://github.com/evilmartians/lefthook/releases/download/v2.1.14/lefthook_2.1.14_Windows_x86_64.gz"
url_api = "https://api.github.com/repos/evilmartians/lefthook/releases/assets/563149872"
provenance = "github-attestations"

[[tools.node]]
version = "26.10.0"
backend = "core:node"
specifiers = ["26.10.0"]

[tools.node."platforms.linux-arm64"]
checksum = "sha256:423a41bff8e2a2fa15e702fefe2919ef95823b2378744daccb8439302534b44f"
url = "https://nodejs.org/dist/v26.10.0/node-v26.10.0-linux-arm64.tar.gz"

[tools.node."platforms.linux-arm64-musl"]
checksum = "sha256:d26027bff3197050d2a2b0bfa151b18e8378ed81affa2bf5093804db158979b6"
url = "https://unofficial-builds.nodejs.org/download/release/v26.10.0/node-v26.10.0-linux-arm64-musl.tar.gz"

[tools.node."platforms.linux-x64"]
checksum = "sha256:cb5c9ce9c80d7b8821e3a258543c71b939138cf17c74d5cc44bbe85d6dbc5ad8"
url = "https://nodejs.org/dist/v26.10.0/node-v26.10.0-linux-x64.tar.gz"

[tools.node."platforms.linux-x64-musl"]
checksum = "sha256:e42da94821b9422eb76bf5aaf4de0977e04ba320b8aff6148d895a94b08ee223"
url = "https://unofficial-builds.nodejs.org/download/release/v26.10.0/node-v26.10.0-linux-x64-musl.tar.gz"

[tools.node."platforms.macos-arm64"]
checksum = "sha256:751fdf7439f115d87ee2a8f3f18c065b6151852068e3e666ac60ac2996f75ac9"
url = "https://nodejs.org/dist/v26.10.0/node-v26.10.0-darwin-arm64.tar.gz"

[tools.node."platforms.macos-x64"]
checksum = "sha256:ebbe9ab9b58ad6bb54390d6e2c862c1afa7d4475fb7e8ae8146acde211bf70df"
url = "https://nodejs.org/dist/v26.10.0/node-v26.10.0-darwin-x64.tar.gz"

[tools.node."platforms.windows-x64"]
checksum = "sha256:9fef7eca6743a6b910989cd8e78712376b394fcb9b6e1e9c44a0799a287f90c5"
url = "https://nodejs.org/dist/v26.10.0/node-v26.10.0-win-x64.zip"

[[tools.opentofu]]
version = "1.12.6"
backend = "aqua:opentofu/opentofu"
specifiers = ["1.12.6"]

[tools.opentofu."platforms.linux-arm64"]
checksum = "sha256:9bd0228a81bcd0c88f7045c74378f45a815779f19897191dff7d9efba9976b9e"
url = "https://github.com/opentofu/opentofu/releases/download/v1.12.6/tofu_1.12.6_linux_arm64.tar.gz"
url_api = "https://api.github.com/repos/opentofu/opentofu/releases/assets/520762688"

[tools.opentofu."platforms.linux-arm64-musl"]
checksum = "sha256:9bd0228a81bcd0c88f7045c74378f45a815779f19897191dff7d9efba9976b9e"
url = "https://github.com/opentofu/opentofu/releases/download/v1.12.6/tofu_1.12.6_linux_arm64.tar.gz"
url_api = "https://api.github.com/repos/opentofu/opentofu/releases/assets/520762688"

[tools.opentofu."platforms.linux-x64"]
checksum = "sha256:50a6106fa4de523d09c87af85f3db1dd47535fc005727fdca6852146476b88ec"
url = "https://github.com/opentofu/opentofu/releases/download/v1.12.6/tofu_1.12.6_linux_amd64.tar.gz"
url_api = "https://api.github.com/repos/opentofu/opentofu/releases/assets/520762723"

[tools.opentofu."platforms.linux-x64-musl"]
checksum = "sha256:50a6106fa4de523d09c87af85f3db1dd47535fc005727fdca6852146476b88ec"
url = "https://github.com/opentofu/opentofu/releases/download/v1.12.6/tofu_1.12.6_linux_amd64.tar.gz"
url_api = "https://api.github.com/repos/opentofu/opentofu/releases/assets/520762723"

[tools.opentofu."platforms.macos-arm64"]
checksum = "sha256:f958ec5e511063be9feb180ca015a4cb7977566a9cf6a8550bba8c2a9b5aba74"
url = "https://github.com/opentofu/opentofu/releases/download/v1.12.6/tofu_1.12.6_darwin_arm64.tar.gz"
url_api = "https://api.github.com/repos/opentofu/opentofu/releases/assets/520762710"

[tools.opentofu."platforms.macos-x64"]
checksum = "sha256:44bb1855f372f17f365fb94517906e78da5001da10f4c98de57a39bf982f3a92"
url = "https://github.com/opentofu/opentofu/releases/download/v1.12.6/tofu_1.12.6_darwin_amd64.tar.gz"
url_api = "https://api.github.com/repos/opentofu/opentofu/releases/assets/520762655"

[tools.opentofu."platforms.windows-x64"]
checksum = "sha256:bcbcd9ca744af6c4053e2d5e75dae79ff33ad7dc38d45e1233e693d096284538"
url = "https://github.com/opentofu/opentofu/releases/download/v1.12.6/tofu_1.12.6_windows_amd64.tar.gz"
url_api = "https://api.github.com/repos/opentofu/opentofu/releases/assets/520762708"

[[tools.oxfmt]]
version = "0.70.0"
backend = "npm:oxfmt"
specifiers = ["0.70.0"]

[[tools.ripgrep]]
version = "15.2.0"
backend = "aqua:BurntSushi/ripgrep"
specifiers = ["15.2.0"]

[tools.ripgrep."platforms.linux-arm64"]
checksum = "sha256:a740b91c82eaf9914cfedd353572f2791cbe0162c84101ee0951058f4dcbc90d"
url = "https://github.com/BurntSushi/ripgrep/releases/download/15.2.0/ripgrep-15.2.0-aarch64-unknown-linux-gnu.tar.gz"
url_api = "https://api.github.com/repos/BurntSushi/ripgrep/releases/assets/478119579"

[tools.ripgrep."platforms.linux-arm64-musl"]
checksum = "sha256:800b1e7206afe799dfb5a6901f23147cfaabe0e52210538100f61e86e1740915"
url = "https://github.com/BurntSushi/ripgrep/releases/download/15.2.0/ripgrep-15.2.0-aarch64-unknown-linux-musl.tar.gz"
url_api = "https://api.github.com/repos/BurntSushi/ripgrep/releases/assets/478120060"

[tools.ripgrep."platforms.linux-x64"]
checksum = "sha256:33e15bcf1624b25cdd2a55813a47a2f95dbe126268203e76aa6a585d1e7b149c"
url = "https://github.com/BurntSushi/ripgrep/releases/download/15.2.0/ripgrep-15.2.0-x86_64-unknown-linux-musl.tar.gz"
url_api = "https://api.github.com/repos/BurntSushi/ripgrep/releases/assets/478120097"

[tools.ripgrep."platforms.linux-x64-musl"]
checksum = "sha256:33e15bcf1624b25cdd2a55813a47a2f95dbe126268203e76aa6a585d1e7b149c"
url = "https://github.com/BurntSushi/ripgrep/releases/download/15.2.0/ripgrep-15.2.0-x86_64-unknown-linux-musl.tar.gz"
url_api = "https://api.github.com/repos/BurntSushi/ripgrep/releases/assets/478120097"

[tools.ripgrep."platforms.macos-arm64"]
checksum = "sha256:3750b2e93f37e0c692657da574d7019a101c0084da05a790c83fd335bad973e4"
url = "https://github.com/BurntSushi/ripgrep/releases/download/15.2.0/ripgrep-15.2.0-aarch64-apple-darwin.tar.gz"
url_api = "https://api.github.com/repos/BurntSushi/ripgrep/releases/assets/478118851"

[tools.ripgrep."platforms.macos-x64"]
checksum = "sha256:af7825fcc69a2afc7a7aea55fc9af90e26421d8f20fe59df32e233c0b8a231c1"
url = "https://github.com/BurntSushi/ripgrep/releases/download/15.2.0/ripgrep-15.2.0-x86_64-apple-darwin.tar.gz"
url_api = "https://api.github.com/repos/BurntSushi/ripgrep/releases/assets/478119585"

[tools.ripgrep."platforms.windows-x64"]
checksum = "sha256:71b2fef860abe467217a538ff31de02f5258807c0129f771846f87bd029aafc5"
url = "https://github.com/BurntSushi/ripgrep/releases/download/15.2.0/ripgrep-15.2.0-x86_64-pc-windows-msvc.zip"
url_api = "https://api.github.com/repos/BurntSushi/ripgrep/releases/assets/478119643"

[[tools.shellcheck]]
version = "0.11.0"
backend = "aqua:koalaman/shellcheck"
specifiers = ["0.11.0"]

[tools.shellcheck."platforms.linux-arm64"]
checksum = "sha256:12b331c1d2db6b9eb13cfca64306b1b157a86eb69db83023e261eaa7e7c14588"
url = "https://github.com/koalaman/shellcheck/releases/download/v0.11.0/shellcheck-v0.11.0.linux.aarch64.tar.xz"
url_api = "https://api.github.com/repos/koalaman/shellcheck/releases/assets/279056934"

[tools.shellcheck."platforms.linux-arm64-musl"]
checksum = "sha256:12b331c1d2db6b9eb13cfca64306b1b157a86eb69db83023e261eaa7e7c14588"
url = "https://github.com/koalaman/shellcheck/releases/download/v0.11.0/shellcheck-v0.11.0.linux.aarch64.tar.xz"
url_api = "https://api.github.com/repos/koalaman/shellcheck/releases/assets/279056934"

[tools.shellcheck."platforms.linux-x64"]
checksum = "sha256:8c3be12b05d5c177a04c29e3c78ce89ac86f1595681cab149b65b97c4e227198"
url = "https://github.com/koalaman/shellcheck/releases/download/v0.11.0/shellcheck-v0.11.0.linux.x86_64.tar.xz"
url_api = "https://api.github.com/repos/koalaman/shellcheck/releases/assets/279056942"

[tools.shellcheck."platforms.linux-x64-musl"]
checksum = "sha256:8c3be12b05d5c177a04c29e3c78ce89ac86f1595681cab149b65b97c4e227198"
url = "https://github.com/koalaman/shellcheck/releases/download/v0.11.0/shellcheck-v0.11.0.linux.x86_64.tar.xz"
url_api = "https://api.github.com/repos/koalaman/shellcheck/releases/assets/279056942"

[tools.shellcheck."platforms.macos-arm64"]
checksum = "sha256:56affdd8de5527894dca6dc3d7e0a99a873b0f004d7aabc30ae407d3f48b0a79"
url = "https://github.com/koalaman/shellcheck/releases/download/v0.11.0/shellcheck-v0.11.0.darwin.aarch64.tar.xz"
url_api = "https://api.github.com/repos/koalaman/shellcheck/releases/assets/279056932"

[tools.shellcheck."platforms.macos-x64"]
checksum = "sha256:3c89db4edcab7cf1c27bff178882e0f6f27f7afdf54e859fa041fca10febe4c6"
url = "https://github.com/koalaman/shellcheck/releases/download/v0.11.0/shellcheck-v0.11.0.darwin.x86_64.tar.xz"
url_api = "https://api.github.com/repos/koalaman/shellcheck/releases/assets/279056930"

[tools.shellcheck."platforms.windows-x64"]
checksum = "sha256:8a4e35ab0b331c85d73567b12f2a444df187f483e5079ceffa6bda1faa2e740e"
url = "https://github.com/koalaman/shellcheck/releases/download/v0.11.0/shellcheck-v0.11.0.zip"
url_api = "https://api.github.com/repos/koalaman/shellcheck/releases/assets/279056944"

[[tools.sops]]
version = "3.13.3"
backend = "aqua:getsops/sops"
specifiers = ["3.13.3"]

[tools.sops."platforms.linux-arm64"]
checksum = "sha256:53b0abacd38ef1b12a66d6c100956691b9cefce018d91f81e73ddf7438b94d77"
url = "https://github.com/getsops/sops/releases/download/v3.13.3/sops-v3.13.3.linux.arm64"
url_api = "https://api.github.com/repos/getsops/sops/releases/assets/486808229"

[tools.sops."platforms.linux-arm64".provenance.slsa]
url = "https://github.com/getsops/sops/releases/download/v3.13.3/sops-v3.13.3.intoto.jsonl"

[tools.sops."platforms.linux-arm64-musl"]
checksum = "sha256:53b0abacd38ef1b12a66d6c100956691b9cefce018d91f81e73ddf7438b94d77"
url = "https://github.com/getsops/sops/releases/download/v3.13.3/sops-v3.13.3.linux.arm64"
url_api = "https://api.github.com/repos/getsops/sops/releases/assets/486808229"

[tools.sops."platforms.linux-arm64-musl".provenance.slsa]
url = "https://github.com/getsops/sops/releases/download/v3.13.3/sops-v3.13.3.intoto.jsonl"

[tools.sops."platforms.linux-x64"]
checksum = "sha256:e5bec3346a873ae91d871550f3e698c1aad962aff462a080e40f25fde17fef6b"
url = "https://github.com/getsops/sops/releases/download/v3.13.3/sops-v3.13.3.linux.amd64"
url_api = "https://api.github.com/repos/getsops/sops/releases/assets/486808201"

[tools.sops."platforms.linux-x64".provenance.slsa]
url = "https://github.com/getsops/sops/releases/download/v3.13.3/sops-v3.13.3.intoto.jsonl"

[tools.sops."platforms.linux-x64-musl"]
checksum = "sha256:e5bec3346a873ae91d871550f3e698c1aad962aff462a080e40f25fde17fef6b"
url = "https://github.com/getsops/sops/releases/download/v3.13.3/sops-v3.13.3.linux.amd64"
url_api = "https://api.github.com/repos/getsops/sops/releases/assets/486808201"

[tools.sops."platforms.linux-x64-musl".provenance.slsa]
url = "https://github.com/getsops/sops/releases/download/v3.13.3/sops-v3.13.3.intoto.jsonl"

[tools.sops."platforms.macos-arm64"]
checksum = "sha256:b97c0d434aab577dc40310e8d22ff9e45eef4c80638ab978daae9b4681c59286"
url = "https://github.com/getsops/sops/releases/download/v3.13.3/sops-v3.13.3.darwin.arm64"
url_api = "https://api.github.com/repos/getsops/sops/releases/assets/486808198"

[tools.sops."platforms.macos-arm64".provenance.slsa]
url = "https://github.com/getsops/sops/releases/download/v3.13.3/sops-v3.13.3.intoto.jsonl"

[tools.sops."platforms.macos-x64"]
checksum = "sha256:42162d5cef10b74fcf80a045a70e658d7ce6e63d6ea1be6f347e44015714468d"
url = "https://github.com/getsops/sops/releases/download/v3.13.3/sops-v3.13.3.darwin.amd64"
url_api = "https://api.github.com/repos/getsops/sops/releases/assets/486808228"

[tools.sops."platforms.macos-x64".provenance.slsa]
url = "https://github.com/getsops/sops/releases/download/v3.13.3/sops-v3.13.3.intoto.jsonl"

[tools.sops."platforms.windows-x64"]
checksum = "sha256:a4a9a398858fe8b2ef72d9686d930bf7c5cece9be74ad83ac3b53cfdd70e6b1c"
url = "https://github.com/getsops/sops/releases/download/v3.13.3/sops-v3.13.3.amd64.exe"
url_api = "https://api.github.com/repos/getsops/sops/releases/assets/486808200"

[tools.sops."platforms.windows-x64".provenance.slsa]
url = "https://github.com/getsops/sops/releases/download/v3.13.3/sops-v3.13.3.intoto.jsonl"

[[tools.talos]]
version = "1.14.1"
backend = "aqua:siderolabs/talos"
specifiers = ["1.14.1"]

[tools.talos."platforms.linux-arm64"]
checksum = "sha256:812406cfc3bd83a937108d5f4872a48645b96de3c01e1f3d82445e8cbd1e7a21"
url = "https://github.com/siderolabs/talos/releases/download/v1.14.1/talosctl-linux-arm64"
url_api = "https://api.github.com/repos/siderolabs/talos/releases/assets/566050793"
provenance = "cosign"

[tools.talos."platforms.linux-arm64-musl"]
checksum = "sha256:812406cfc3bd83a937108d5f4872a48645b96de3c01e1f3d82445e8cbd1e7a21"
url = "https://github.com/siderolabs/talos/releases/download/v1.14.1/talosctl-linux-arm64"
url_api = "https://api.github.com/repos/siderolabs/talos/releases/assets/566050793"
provenance = "cosign"

[tools.talos."platforms.linux-x64"]
checksum = "sha256:7233ece94c94296a033a6ddb5efe0baf508a94c71de7e6c7b286500705924208"
url = "https://github.com/siderolabs/talos/releases/download/v1.14.1/talosctl-linux-amd64"
url_api = "https://api.github.com/repos/siderolabs/talos/releases/assets/566050764"
provenance = "cosign"

[tools.talos."platforms.linux-x64-musl"]
checksum = "sha256:7233ece94c94296a033a6ddb5efe0baf508a94c71de7e6c7b286500705924208"
url = "https://github.com/siderolabs/talos/releases/download/v1.14.1/talosctl-linux-amd64"
url_api = "https://api.github.com/repos/siderolabs/talos/releases/assets/566050764"
provenance = "cosign"

[tools.talos."platforms.macos-arm64"]
checksum = "sha256:8335917a3c3eb7ad466cc4b834defcbd4948d51312a6e47de11113d7c399a8f8"
url = "https://github.com/siderolabs/talos/releases/download/v1.14.1/talosctl-darwin-arm64"
url_api = "https://api.github.com/repos/siderolabs/talos/releases/assets/566050771"
provenance = "cosign"

[tools.talos."platforms.macos-x64"]
checksum = "sha256:8cb8654c7af2be501667fccb6a4879b91c213101d83b49fe59e1a1e4e70ed5f4"
url = "https://github.com/siderolabs/talos/releases/download/v1.14.1/talosctl-darwin-amd64"
url_api = "https://api.github.com/repos/siderolabs/talos/releases/assets/566050751"
provenance = "cosign"

[tools.talos."platforms.windows-x64"]
checksum = "sha256:76b5431c5deb89caa9b4b6e2acbff142bfa8e98bf680c35a766d9011a70e3fad"
url = "https://github.com/siderolabs/talos/releases/download/v1.14.1/talosctl-windows-amd64.exe"
url_api = "https://api.github.com/repos/siderolabs/talos/releases/assets/566050762"
provenance = "cosign"

[[tools.yq]]
version = "4.53.6"
backend = "aqua:mikefarah/yq"
specifiers = ["4.53.6"]

[tools.yq."platforms.linux-arm64"]
checksum = "sha256:88a1016bc1d657375a35864e4f44b6f333df8ff97b559f51bba0adcb2169df09"
url = "https://github.com/mikefarah/yq/releases/download/v4.53.6/yq_linux_arm64"
url_api = "https://api.github.com/repos/mikefarah/yq/releases/assets/522028007"
provenance = "cosign"

[tools.yq."platforms.linux-arm64-musl"]
checksum = "sha256:88a1016bc1d657375a35864e4f44b6f333df8ff97b559f51bba0adcb2169df09"
url = "https://github.com/mikefarah/yq/releases/download/v4.53.6/yq_linux_arm64"
url_api = "https://api.github.com/repos/mikefarah/yq/releases/assets/522028007"
provenance = "cosign"

[tools.yq."platforms.linux-x64"]
checksum = "sha256:c5f056448f973ae7d39b5401949648a78f2dc1947d6a8eb65be60d5c504b9385"
url = "https://github.com/mikefarah/yq/releases/download/v4.53.6/yq_linux_amd64"
url_api = "https://api.github.com/repos/mikefarah/yq/releases/assets/522028022"
provenance = "cosign"

[tools.yq."platforms.linux-x64-musl"]
checksum = "sha256:c5f056448f973ae7d39b5401949648a78f2dc1947d6a8eb65be60d5c504b9385"
url = "https://github.com/mikefarah/yq/releases/download/v4.53.6/yq_linux_amd64"
url_api = "https://api.github.com/repos/mikefarah/yq/releases/assets/522028022"
provenance = "cosign"

[tools.yq."platforms.macos-arm64"]
checksum = "sha256:cceb0b8d71ea5294334121f8429f33f92b920e7217d904a2f9f35443968ac424"
url = "https://github.com/mikefarah/yq/releases/download/v4.53.6/yq_darwin_arm64"
url_api = "https://api.github.com/repos/mikefarah/yq/releases/assets/522028033"
provenance = "cosign"

[tools.yq."platforms.macos-x64"]
checksum = "sha256:caa513cb04f3804b34d4752f0e0d7904fecb9e7cf1d34081289f83259319a7f6"
url = "https://github.com/mikefarah/yq/releases/download/v4.53.6/yq_darwin_amd64"
url_api = "https://api.github.com/repos/mikefarah/yq/releases/assets/522028031"
provenance = "cosign"

[tools.yq."platforms.windows-x64"]
checksum = "sha256:ece3dd8bb50d39f93610506273ea262feb91e5c486bbddbb10abf91b2a6c0f14"
url = "https://github.com/mikefarah/yq/releases/download/v4.53.6/yq_windows_amd64.exe"
url_api = "https://api.github.com/repos/mikefarah/yq/releases/assets/522027974"
provenance = "cosign"

[[tools.zizmor]]
version = "1.30.1"
backend = "aqua:zizmorcore/zizmor"
specifiers = ["1.30.1"]

[tools.zizmor."platforms.linux-arm64"]
checksum = "sha256:7ff1dce33bdd18fd2a4affe63bdd47efcccca97b2cec1c1863ec26e9e2647540"
url = "https://github.com/zizmorcore/zizmor/releases/download/v1.30.1/zizmor-aarch64-unknown-linux-gnu.tar.gz"
url_api = "https://api.github.com/repos/zizmorcore/zizmor/releases/assets/552067643"
provenance = "github-attestations"

[tools.zizmor."platforms.linux-arm64-musl"]
provenance = "github-attestations"

[tools.zizmor."platforms.linux-x64"]
checksum = "sha256:e65324f4430c2717591937edcec90ccbefaf14c174f8ec9415e03ca875b46e1a"
url = "https://github.com/zizmorcore/zizmor/releases/download/v1.30.1/zizmor-x86_64-unknown-linux-gnu.tar.gz"
url_api = "https://api.github.com/repos/zizmorcore/zizmor/releases/assets/552067642"
provenance = "github-attestations"

[tools.zizmor."platforms.linux-x64-musl"]
provenance = "github-attestations"

[tools.zizmor."platforms.macos-arm64"]
checksum = "sha256:e28d22b087f9ebb8d99da6e740d348c930f559961c7c3f12badda54f882195a2"
url = "https://github.com/zizmorcore/zizmor/releases/download/v1.30.1/zizmor-aarch64-apple-darwin.tar.gz"
url_api = "https://api.github.com/repos/zizmorcore/zizmor/releases/assets/552067640"
provenance = "github-attestations"

[tools.zizmor."platforms.macos-x64"]
checksum = "sha256:10e6b18b11ea07e515a16f0f0518c7b07527bc9977c1fd5698181ce7f3554202"
url = "https://github.com/zizmorcore/zizmor/releases/download/v1.30.1/zizmor-x86_64-apple-darwin.tar.gz"
url_api = "https://api.github.com/repos/zizmorcore/zizmor/releases/assets/552067641"
provenance = "github-attestations"

[tools.zizmor."platforms.windows-x64"]
checksum = "sha256:b183b1e996eddfab9659f1e9b46e059f1ef1cf984a1f14e5da09f7876a4b3a1c"
url = "https://github.com/zizmorcore/zizmor/releases/download/v1.30.1/zizmor-x86_64-pc-windows-msvc.zip"
url_api = "https://api.github.com/repos/zizmorcore/zizmor/releases/assets/552067645"
provenance = "github-attestations"
