# @generated - this file is auto-generated by `mise lock` https://mise.jdx.dev/dev-tools/mise-lock.html

lockfile_version = 1

[[tools.age]]
version = "1.3.1"
backend = "aqua:FiloSottile/age"
specifiers = ["1.3.1"]

[tools.age."platforms.linux-arm64"]
checksum = "sha256:c6878a324421b69e3e20b00ba17c04bc5c6dab0030cfe55bf8f68fa8d9e9093a"
url = "https://github.com/FiloSottile/age/releases/download/v1.3.1/age-v1.3.1-linux-arm64.tar.gz"
url_api = "https://api.github.com/repos/FiloSottile/age/releases/assets/333752668"
provenance = "github-attestations"

[tools.age."platforms.linux-arm64-musl"]
checksum = "sha256:c6878a324421b69e3e20b00ba17c04bc5c6dab0030cfe55bf8f68fa8d9e9093a"
url = "https://github.com/FiloSottile/age/releases/download/v1.3.1/age-v1.3.1-linux-arm64.tar.gz"
url_api = "https://api.github.com/repos/FiloSottile/age/releases/assets/333752668"
provenance = "github-attestations"

[tools.age."platforms.linux-x64"]
checksum = "sha256:bdc69c09cbdd6cf8b1f333d372a1f58247b3a33146406333e30c0f26e8f51377"
url = "https://github.com/FiloSottile/age/releases/download/v1.3.1/age-v1.3.1-linux-amd64.tar.gz"
url_api = "https://api.github.com/repos/FiloSottile/age/releases/assets/333752671"
provenance = "github-attestations"

[tools.age."platforms.linux-x64-musl"]
checksum = "sha256:bdc69c09cbdd6cf8b1f333d372a1f58247b3a33146406333e30c0f26e8f51377"
url = "https://github.com/FiloSottile/age/releases/download/v1.3.1/age-v1.3.1-linux-amd64.tar.gz"
url_api = "https://api.github.com/repos/FiloSottile/age/releases/assets/333752671"
provenance = "github-attestations"

[tools.age."platforms.macos-arm64"]
checksum = "sha256:01120ea2cbf0463d4c6bd767f99f3271bbed1cdc8a9aa718a76ba1fe4f01998b"
url = "https://github.com/FiloSottile/age/releases/download/v1.3.1/age-v1.3.1-darwin-arm64.tar.gz"
url_api = "https://api.github.com/repos/FiloSottile/age/releases/assets/333752669"
provenance = "github-attestations"

[tools.age."platforms.macos-x64"]
checksum = "sha256:2b233301ad21ab7b1eabd9ae1198a164005fa4928fcdd745d47c39f8593209d7"
url = "https://github.com/FiloSottile/age/releases/download/v1.3.1/age-v1.3.1-darwin-amd64.tar.gz"
url_api = "https://api.github.com/repos/FiloSottile/age/releases/assets/343881260"
provenance = "github-attestations"

[tools.age."platforms.windows-x64"]
checksum = "sha256:c56e8ce22f7e80cb85ad946cc82d198767b056366201d3e1a2b93d865be38154"
url = "https://github.com/FiloSottile/age/releases/download/v1.3.1/age-v1.3.1-windows-amd64.zip"
url_api = "https://api.github.com/repos/FiloSottile/age/releases/assets/333752673"
provenance = "github-attestations"

[[tools.cilium-cli]]
version = "0.20.0"
backend = "aqua:cilium/cilium-cli"
specifiers = ["0.20.0"]

[tools.cilium-cli."platforms.linux-arm64"]
checksum = "sha256:9a9281dc79bd10a61fa35078b8ab63eaf491ab2f47edc6b9a3541b2fe4ede3ff"
url = "https://github.com/cilium/cilium-cli/releases/download/v0.20.0/cilium-linux-arm64.tar.gz"
url_api = "https://api.github.com/repos/cilium/cilium-cli/releases/assets/530475789"

[tools.cilium-cli."platforms.linux-arm64-musl"]
checksum = "sha256:9a9281dc79bd10a61fa35078b8ab63eaf491ab2f47edc6b9a3541b2fe4ede3ff"
url = "https://github.com/cilium/cilium-cli/releases/download/v0.20.0/cilium-linux-arm64.tar.gz"
url_api = "https://api.github.com/repos/cilium/cilium-cli/releases/assets/530475789"

[tools.cilium-cli."platforms.linux-x64"]
checksum = "sha256:94adc5c3be44d8240df91cec520536686f8a1eb29e5bc70c4c1c80137f00d764"
url = "https://github.com/cilium/cilium-cli/releases/download/v0.20.0/cilium-linux-amd64.tar.gz"
url_api = "https://api.github.com/repos/cilium/cilium-cli/releases/assets/530475792"

[tools.cilium-cli."platforms.linux-x64-musl"]
checksum = "sha256:94adc5c3be44d8240df91cec520536686f8a1eb29e5bc70c4c1c80137f00d764"
url = "https://github.com/cilium/cilium-cli/releases/download/v0.20.0/cilium-linux-amd64.tar.gz"
url_api = "https://api.github.com/repos/cilium/cilium-cli/releases/assets/530475792"

[tools.cilium-cli."platforms.macos-arm64"]
checksum = "sha256:2850449e321c21e9556c312d0b6885838523d294b7e0b58955697507463a57cc"
url = "https://github.com/cilium/cilium-cli/releases/download/v0.20.0/cilium-darwin-arm64.tar.gz"
url_api = "https://api.github.com/repos/cilium/cilium-cli/releases/assets/530475790"

[tools.cilium-cli."platforms.macos-x64"]
checksum = "sha256:cc338e326235e76e3924f032d8a6eb41bf751d94bb04fce70d5f80014fc179d9"
url = "https://github.com/cilium/cilium-cli/releases/download/v0.20.0/cilium-darwin-amd64.tar.gz"
url_api = "https://api.github.com/repos/cilium/cilium-cli/releases/assets/530475794"

[tools.cilium-cli."platforms.windows-x64"]
checksum = "sha256:d96cf9811608cf945326196ccf4dd251ba91358ead3587f52023680e4460ba19"
url = "https://github.com/cilium/cilium-cli/releases/download/v0.20.0/cilium-windows-amd64.zip"
url_api = "https://api.github.com/repos/cilium/cilium-cli/releases/assets/530475785"

[[tools.claude]]
version = "2.1.251"
backend = "aqua:anthropics/claude-code"
specifiers = ["2.1.251"]

[tools.claude."platforms.linux-arm64"]
checksum = "sha256:53a4cc28612c6534884019223ee38b9bad5a12814fe8e31d42ea26ff2b169373"
url = "https://github.com/anthropics/claude-code/releases/download/v2.1.251/claude-linux-arm64.tar.gz"
url_api = "https://api.github.com/repos/anthropics/claude-code/releases/assets/533990601"

[tools.claude."platforms.linux-arm64-musl"]
checksum = "sha256:de4f08a4a4332dfd3b712e5ad0f5c02f44b8fe2da8cafaeee8b1e26a513642a6"
url = "https://github.com/anthropics/claude-code/releases/download/v2.1.251/claude-linux-arm64-musl.tar.gz"
url_api = "https://api.github.com/repos/anthropics/claude-code/releases/assets/533990602"

[tools.claude."platforms.linux-x64"]
checksum = "sha256:4fda59f47ab17c0e0c831b3144e3025c050397ba37d574388f52e92e1af81c74"
url = "https://github.com/anthropics/claude-code/releases/download/v2.1.251/claude-linux-x64.tar.gz"
url_api = "https://api.github.com/repos/anthropics/claude-code/releases/assets/533990718"

[tools.claude."platforms.linux-x64-musl"]
checksum = "sha256:4466b58d9de65221f305270b16c94cfb02eb2ae56353a97fda0ad28ec0c775e6"
url = "https://github.com/anthropics/claude-code/releases/download/v2.1.251/claude-linux-x64-musl.tar.gz"
url_api = "https://api.github.com/repos/anthropics/claude-code/releases/assets/533990603"

[tools.claude."platforms.macos-arm64"]
checksum = "sha256:02e1e8f41406ae4f4a6b85f25ce6653bf586478dfe64e4d56e0a21624756141d"
url = "https://github.com/anthropics/claude-code/releases/download/v2.1.251/claude-darwin-arm64.tar.gz"
url_api = "https://api.github.com/repos/anthropics/claude-code/releases/assets/533990605"

[tools.claude."platforms.macos-x64"]
checksum = "sha256:da2b0b631cd3af3053d18aa27c5cfc5626a4ffdb0f92d1b63bca7b85a5edfe80"
url = "https://github.com/anthropics/claude-code/releases/download/v2.1.251/claude-darwin-x64.tar.gz"
url_api = "https://api.github.com/repos/anthropics/claude-code/releases/assets/533990604"

[tools.claude."platforms.windows-x64"]
checksum = "sha256:22e6a1ee55a866750b5a842912ea1d8a90644868456062ca2a31bccc379c960a"
url = "https://github.com/anthropics/claude-code/releases/download/v2.1.251/claude-win32-x64.zip"
url_api = "https://api.github.com/repos/anthropics/claude-code/releases/assets/533990740"

[[tools.helm]]
version = "4.2.4"
backend = "aqua:helm/helm"
specifiers = ["4.2.4"]

[tools.helm."platforms.linux-arm64"]
checksum = "sha256:564de2191b881e9f71b5606b25345821ea1682f06ab90499d3ab22b530176da1"
url = "https://get.helm.sh/helm-v4.2.4-linux-arm64.tar.gz"

[tools.helm."platforms.linux-arm64-musl"]
checksum = "sha256:564de2191b881e9f71b5606b25345821ea1682f06ab90499d3ab22b530176da1"
url = "https://get.helm.sh/helm-v4.2.4-linux-arm64.tar.gz"

[tools.helm."platforms.linux-x64"]
checksum = "sha256:c306b46f719b0a4da32d0f78ee21bf90ce8d602f15b22ab753f0674d1670a7f3"
url = "https://get.helm.sh/helm-v4.2.4-linux-amd64.tar.gz"

[tools.helm."platforms.linux-x64-musl"]
checksum = "sha256:c306b46f719b0a4da32d0f78ee21bf90ce8d602f15b22ab753f0674d1670a7f3"
url = "https://get.helm.sh/helm-v4.2.4-linux-amd64.tar.gz"

[tools.helm."platforms.macos-arm64"]
checksum = "sha256:d747eb4e28bd2727173d15b759fa0a17822291ec09db7ced3d55af290a3661a2"
url = "https://get.helm.sh/helm-v4.2.4-darwin-arm64.tar.gz"

[tools.helm."platforms.macos-x64"]
checksum = "sha256:6c163d687ca03c3b5c01928e53bbbcf9518278f47ce7a2f249a5a08e8bdaa2bc"
url = "https://get.helm.sh/helm-v4.2.4-darwin-amd64.tar.gz"

[tools.helm."platforms.windows-x64"]
checksum = "sha256:38cbdab1c7d4f0412d571c3aeefc700bcdc7b663be481832a11dfed01ee67c36"
url = "https://get.helm.sh/helm-v4.2.4-windows-amd64.tar.gz"

[[tools.k9s]]
version = "0.51.0"
backend = "aqua:derailed/k9s"
specifiers = ["0.51.0"]

[tools.k9s."platforms.linux-arm64"]
checksum = "sha256:3ee05c82e5f9198928a4e86133608ba6a2c10a2244d6a7789e820f78319d640c"
url = "https://github.com/derailed/k9s/releases/download/v0.51.0/k9s_Linux_arm64.tar.gz"
url_api = "https://api.github.com/repos/derailed/k9s/releases/assets/440226045"

[tools.k9s."platforms.linux-arm64-musl"]
checksum = "sha256:3ee05c82e5f9198928a4e86133608ba6a2c10a2244d6a7789e820f78319d640c"
url = "https://github.com/derailed/k9s/releases/download/v0.51.0/k9s_Linux_arm64.tar.gz"
url_api = "https://api.github.com/repos/derailed/k9s/releases/assets/440226045"

[tools.k9s."platforms.linux-x64"]
checksum = "sha256:c3752ad51a5a4015a113819c4eeb6e55a4d0e4b8e652494797532f6fc8161dd7"
url = "https://github.com/derailed/k9s/releases/download/v0.51.0/k9s_Linux_amd64.tar.gz"
url_api = "https://api.github.com/repos/derailed/k9s/releases/assets/440224321"

[tools.k9s."platforms.linux-x64-musl"]
checksum = "sha256:c3752ad51a5a4015a113819c4eeb6e55a4d0e4b8e652494797532f6fc8161dd7"
url = "https://github.com/derailed/k9s/releases/download/v0.51.0/k9s_Linux_amd64.tar.gz"
url_api = "https://api.github.com/repos/derailed/k9s/releases/assets/440224321"

[tools.k9s."platforms.macos-arm64"]
checksum = "sha256:9b8c0e8f461e5d33aeee43a67f5ef4aff646a008a786887b8266cbb153c610cc"
url = "https://github.com/derailed/k9s/releases/download/v0.51.0/k9s_Darwin_arm64.tar.gz"
url_api = "https://api.github.com/repos/derailed/k9s/releases/assets/440224326"

[tools.k9s."platforms.macos-x64"]
checksum = "sha256:7e8802c57c45a0cd389e8fc38472243fe4cf48d8ad5957e189ce370e19e5eda0"
url = "https://github.com/derailed/k9s/releases/download/v0.51.0/k9s_Darwin_amd64.tar.gz"
url_api = "https://api.github.com/repos/derailed/k9s/releases/assets/440224322"

[tools.k9s."platforms.windows-x64"]
checksum = "sha256:bba299f1877913979831543a008f2e104995d2ea4ac8f23d7f49c0444857d973"
url = "https://github.com/derailed/k9s/releases/download/v0.51.0/k9s_Windows_amd64.zip"
url_api = "https://api.github.com/repos/derailed/k9s/releases/assets/440224317"

[[tools.kubeseal]]
version = "0.39.1"
backend = "aqua:bitnami/sealed-secrets"
specifiers = ["0.39.1"]

[tools.kubeseal."platforms.linux-arm64"]
checksum = "sha256:e90e86c6319ff92410856a339f0dfeb88d0d5e351e144e0ed34c28e1d7ce477f"
url = "https://github.com/bitnami/sealed-secrets/releases/download/v0.39.1/kubeseal-0.39.1-linux-arm64.tar.gz"
url_api = "https://api.github.com/repos/bitnami/sealed-secrets/releases/assets/521998649"

[tools.kubeseal."platforms.linux-arm64-musl"]
checksum = "sha256:e90e86c6319ff92410856a339f0dfeb88d0d5e351e144e0ed34c28e1d7ce477f"
url = "https://github.com/bitnami/sealed-secrets/releases/download/v0.39.1/kubeseal-0.39.1-linux-arm64.tar.gz"
url_api = "https://api.github.com/repos/bitnami/sealed-secrets/releases/assets/521998649"

[tools.kubeseal."platforms.linux-x64"]
checksum = "sha256:785c8316370073426d6ce0b7e9e949bd7ba3709ef7f9e45a900aa07e5596db9c"
url = "https://github.com/bitnami/sealed-secrets/releases/download/v0.39.1/kubeseal-0.39.1-linux-amd64.tar.gz"
url_api = "https://api.github.com/repos/bitnami/sealed-secrets/releases/assets/521998648"

[tools.kubeseal."platforms.linux-x64-musl"]
checksum = "sha256:785c8316370073426d6ce0b7e9e949bd7ba3709ef7f9e45a900aa07e5596db9c"
url = "https://github.com/bitnami/sealed-secrets/releases/download/v0.39.1/kubeseal-0.39.1-linux-amd64.tar.gz"
url_api = "https://api.github.com/repos/bitnami/sealed-secrets/releases/assets/521998648"

[tools.kubeseal."platforms.macos-arm64"]
checksum = "sha256:b338e7efcc2b4ec54f4aa94ad80f508a1c76b4d722bde4d0d92d4b2c88bbe2df"
url = "https://github.com/bitnami/sealed-secrets/releases/download/v0.39.1/kubeseal-0.39.1-darwin-arm64.tar.gz"
url_api = "https://api.github.com/repos/bitnami/sealed-secrets/releases/assets/521998647"

[tools.kubeseal."platforms.macos-x64"]
checksum = "sha256:ece1e36b371c5e236feccd69ff8b055ec9ae9e3647f72d632dbd5e51a252b437"
url = "https://github.com/bitnami/sealed-secrets/releases/download/v0.39.1/kubeseal-0.39.1-darwin-amd64.tar.gz"
url_api = "https://api.github.com/repos/bitnami/sealed-secrets/releases/assets/521998680"

[tools.kubeseal."platforms.windows-x64"]
checksum = "sha256:8b9559c1baa589e9f0908ce15dc1085c76ff21c371ab32b286c67e23f72aed7e"
url = "https://github.com/bitnami/sealed-secrets/releases/download/v0.39.1/kubeseal-0.39.1-windows-amd64.tar.gz"
url_api = "https://api.github.com/repos/bitnami/sealed-secrets/releases/assets/521998679"

[[tools.oxfmt]]
version = "0.65.0"
backend = "npm:oxfmt"
specifiers = ["0.65.0"]

[[tools.ripgrep]]
version = "15.2.0"
backend = "aqua:BurntSushi/ripgrep"
specifiers = ["15.2.0"]

[tools.ripgrep."platforms.linux-arm64"]
checksum = "sha256:a740b91c82eaf9914cfedd353572f2791cbe0162c84101ee0951058f4dcbc90d"
url = "https://github.com/BurntSushi/ripgrep/releases/download/15.2.0/ripgrep-15.2.0-aarch64-unknown-linux-gnu.tar.gz"
url_api = "https://api.github.com/repos/BurntSushi/ripgrep/releases/assets/478119579"

[tools.ripgrep."platforms.linux-arm64-musl"]
checksum = "sha256:800b1e7206afe799dfb5a6901f23147cfaabe0e52210538100f61e86e1740915"
url = "https://github.com/BurntSushi/ripgrep/releases/download/15.2.0/ripgrep-15.2.0-aarch64-unknown-linux-musl.tar.gz"
url_api = "https://api.github.com/repos/BurntSushi/ripgrep/releases/assets/478120060"

[tools.ripgrep."platforms.linux-x64"]
checksum = "sha256:33e15bcf1624b25cdd2a55813a47a2f95dbe126268203e76aa6a585d1e7b149c"
url = "https://github.com/BurntSushi/ripgrep/releases/download/15.2.0/ripgrep-15.2.0-x86_64-unknown-linux-musl.tar.gz"
url_api = "https://api.github.com/repos/BurntSushi/ripgrep/releases/assets/478120097"

[tools.ripgrep."platforms.linux-x64-musl"]
checksum = "sha256:33e15bcf1624b25cdd2a55813a47a2f95dbe126268203e76aa6a585d1e7b149c"
url = "https://github.com/BurntSushi/ripgrep/releases/download/15.2.0/ripgrep-15.2.0-x86_64-unknown-linux-musl.tar.gz"
url_api = "https://api.github.com/repos/BurntSushi/ripgrep/releases/assets/478120097"

[tools.ripgrep."platforms.macos-arm64"]
checksum = "sha256:3750b2e93f37e0c692657da574d7019a101c0084da05a790c83fd335bad973e4"
url = "https://github.com/BurntSushi/ripgrep/releases/download/15.2.0/ripgrep-15.2.0-aarch64-apple-darwin.tar.gz"
url_api = "https://api.github.com/repos/BurntSushi/ripgrep/releases/assets/478118851"

[tools.ripgrep."platforms.macos-x64"]
checksum = "sha256:af7825fcc69a2afc7a7aea55fc9af90e26421d8f20fe59df32e233c0b8a231c1"
url = "https://github.com/BurntSushi/ripgrep/releases/download/15.2.0/ripgrep-15.2.0-x86_64-apple-darwin.tar.gz"
url_api = "https://api.github.com/repos/BurntSushi/ripgrep/releases/assets/478119585"

[tools.ripgrep."platforms.windows-x64"]
checksum = "sha256:71b2fef860abe467217a538ff31de02f5258807c0129f771846f87bd029aafc5"
url = "https://github.com/BurntSushi/ripgrep/releases/download/15.2.0/ripgrep-15.2.0-x86_64-pc-windows-msvc.zip"
url_api = "https://api.github.com/repos/BurntSushi/ripgrep/releases/assets/478119643"

[[tools.sops]]
version = "3.13.3"
backend = "aqua:getsops/sops"
specifiers = ["3.13.3"]

[tools.sops."platforms.linux-arm64"]
checksum = "sha256:53b0abacd38ef1b12a66d6c100956691b9cefce018d91f81e73ddf7438b94d77"
url = "https://github.com/getsops/sops/releases/download/v3.13.3/sops-v3.13.3.linux.arm64"
url_api = "https://api.github.com/repos/getsops/sops/releases/assets/486808229"

[tools.sops."platforms.linux-arm64".provenance.slsa]
url = "https://github.com/getsops/sops/releases/download/v3.13.3/sops-v3.13.3.intoto.jsonl"

[tools.sops."platforms.linux-arm64-musl"]
checksum = "sha256:53b0abacd38ef1b12a66d6c100956691b9cefce018d91f81e73ddf7438b94d77"
url = "https://github.com/getsops/sops/releases/download/v3.13.3/sops-v3.13.3.linux.arm64"
url_api = "https://api.github.com/repos/getsops/sops/releases/assets/486808229"

[tools.sops."platforms.linux-arm64-musl".provenance.slsa]
url = "https://github.com/getsops/sops/releases/download/v3.13.3/sops-v3.13.3.intoto.jsonl"

[tools.sops."platforms.linux-x64"]
checksum = "sha256:e5bec3346a873ae91d871550f3e698c1aad962aff462a080e40f25fde17fef6b"
url = "https://github.com/getsops/sops/releases/download/v3.13.3/sops-v3.13.3.linux.amd64"
url_api = "https://api.github.com/repos/getsops/sops/releases/assets/486808201"

[tools.sops."platforms.linux-x64".provenance.slsa]
url = "https://github.com/getsops/sops/releases/download/v3.13.3/sops-v3.13.3.intoto.jsonl"

[tools.sops."platforms.linux-x64-musl"]
checksum = "sha256:e5bec3346a873ae91d871550f3e698c1aad962aff462a080e40f25fde17fef6b"
url = "https://github.com/getsops/sops/releases/download/v3.13.3/sops-v3.13.3.linux.amd64"
url_api = "https://api.github.com/repos/getsops/sops/releases/assets/486808201"

[tools.sops."platforms.linux-x64-musl".provenance.slsa]
url = "https://github.com/getsops/sops/releases/download/v3.13.3/sops-v3.13.3.intoto.jsonl"

[tools.sops."platforms.macos-arm64"]
checksum = "sha256:b97c0d434aab577dc40310e8d22ff9e45eef4c80638ab978daae9b4681c59286"
url = "https://github.com/getsops/sops/releases/download/v3.13.3/sops-v3.13.3.darwin.arm64"
url_api = "https://api.github.com/repos/getsops/sops/releases/assets/486808198"

[tools.sops."platforms.macos-arm64".provenance.slsa]
url = "https://github.com/getsops/sops/releases/download/v3.13.3/sops-v3.13.3.intoto.jsonl"

[tools.sops."platforms.macos-x64"]
checksum = "sha256:42162d5cef10b74fcf80a045a70e658d7ce6e63d6ea1be6f347e44015714468d"
url = "https://github.com/getsops/sops/releases/download/v3.13.3/sops-v3.13.3.darwin.amd64"
url_api = "https://api.github.com/repos/getsops/sops/releases/assets/486808228"

[tools.sops."platforms.macos-x64".provenance.slsa]
url = "https://github.com/getsops/sops/releases/download/v3.13.3/sops-v3.13.3.intoto.jsonl"

[tools.sops."platforms.windows-x64"]
checksum = "sha256:a4a9a398858fe8b2ef72d9686d930bf7c5cece9be74ad83ac3b53cfdd70e6b1c"
url = "https://github.com/getsops/sops/releases/download/v3.13.3/sops-v3.13.3.amd64.exe"
url_api = "https://api.github.com/repos/getsops/sops/releases/assets/486808200"

[tools.sops."platforms.windows-x64".provenance.slsa]
url = "https://github.com/getsops/sops/releases/download/v3.13.3/sops-v3.13.3.intoto.jsonl"
